packages:
  - package: dbt-labs/dbt_utils
    version: 1.3.0
  - package: calogica/dbt_expectations
    version: 0.10.4
  - package: calogica/dbt_date
    version: 0.10.1
  - git: https://github.com/rohit-kommuru/dbt-testgen
    revision: 8fd63650049502733cfab8955b289944bb09470d
sha1_hash: 051f6046e38c9c4cfc70062507fe10174e1251ce
